
Microsoft Visual Studio Solution File, Format Version 12.00
# Visual Studio Version 16
VisualStudioVersion = 16.0.31019.35
MinimumVisualStudioVersion = 10.0.40219.1
Project("{FAE04EC0-301F-11D3-BF4B-00C04F79EFBC}") = "PowerConsole", "PowerConsole.csproj", "{376C4A3A-30F5-46EA-A533-C4B747FF8553}"
EndProject
Global
	GlobalSection(SolutionConfigurationPlatforms) = preSolution
		Debug|Any CPU = Debug|Any CPU
		Release|Any CPU = Release|Any CPU
	EndGlobalSection
	GlobalSection(ProjectConfigurationPlatforms) = postSolution
		{376C4A3A-30F5-46EA-A533-C4B747FF8553}.Debug|Any CPU.ActiveCfg = Debug|Any CPU
		{376C4A3A-30F5-46EA-A533-C4B747FF8553}.Debug|Any CPU.Build.0 = Debug|Any CPU
		{376C4A3A-30F5-46EA-A533-C4B747FF8553}.Release|Any CPU.ActiveCfg = Release|Any CPU
		{376C4A3A-30F5-46EA-A533-C4B747FF8553}.Release|Any CPU.Build.0 = Release|Any CPU
	EndGlobalSection
	GlobalSection(SolutionProperties) = preSolution
		HideSolutionNode = FALSE
	EndGlobalSection
	GlobalSection(ExtensibilityGlobals) = postSolution
		SolutionGuid = {2B4A4AE1-F0BA-4DF0-8497-B042AEC60175}
	EndGlobalSection
EndGlobal
